
Microsoft Visual Studio Solution File, Format Version 12.00
# Visual Studio Version 17
VisualStudioVersion = 17.2.32630.192
MinimumVisualStudioVersion = 10.0.40219.1
Project("{9A19103F-16F7-4668-BE54-9A1E7A4F7556}") = "R5T.NG0016.Construction", "R5T.NG0016.Construction\R5T.NG0016.Construction.csproj", "{1D59DB64-B8CE-4D72-A5BB-63B685300F0F}"
EndProject
Project("{9A19103F-16F7-4668-BE54-9A1E7A4F7556}") = "R5T.NG0016", "R5T.NG0016\R5T.NG0016.csproj", "{F752E9FD-4009-4333-8322-949A797441DF}"
EndProject
Global
	GlobalSection(SolutionConfigurationPlatforms) = preSolution
		Debug|Any CPU = Debug|Any CPU
		Release|Any CPU = Release|Any CPU
	EndGlobalSection
	GlobalSection(ProjectConfigurationPlatforms) = postSolution
		{1D59DB64-B8CE-4D72-A5BB-63B685300F0F}.Debug|Any CPU.ActiveCfg = Debug|Any CPU
		{1D59DB64-B8CE-4D72-A5BB-63B685300F0F}.Debug|Any CPU.Build.0 = Debug|Any CPU
		{1D59DB64-B8CE-4D72-A5BB-63B685300F0F}.Release|Any CPU.ActiveCfg = Release|Any CPU
		{1D59DB64-B8CE-4D72-A5BB-63B685300F0F}.Release|Any CPU.Build.0 = Release|Any CPU
		{F752E9FD-4009-4333-8322-949A797441DF}.Debug|Any CPU.ActiveCfg = Debug|Any CPU
		{F752E9FD-4009-4333-8322-949A797441DF}.Debug|Any CPU.Build.0 = Debug|Any CPU
		{F752E9FD-4009-4333-8322-949A797441DF}.Release|Any CPU.ActiveCfg = Release|Any CPU
		{F752E9FD-4009-4333-8322-949A797441DF}.Release|Any CPU.Build.0 = Release|Any CPU
	EndGlobalSection
	GlobalSection(SolutionProperties) = preSolution
		HideSolutionNode = FALSE
	EndGlobalSection
	GlobalSection(ExtensibilityGlobals) = postSolution
		SolutionGuid = {E417ADE0-0463-45B8-B903-0615B94C17D7}
	EndGlobalSection
EndGlobal
